// !$*UTF8*$!
{
	archiveVersion = 1;
	classes = {
	};
	objectVersion = 46;
	objects = {

/* Begin PBXBuildFile section */
		CB26692A1E1BB11E009B598A /* AppDelegate.swift in Sources */ = {isa = PBXBuildFile; fileRef = CB2669291E1BB11E009B598A /* AppDelegate.swift */; };
		CB26692F1E1BB11E009B598A /* Main.storyboard in Resources */ = {isa = PBXBuildFile; fileRef = CB26692D1E1BB11E009B598A /* Main.storyboard */; };
		CB2669311E1BB11E009B598A /* Assets.xcassets in Resources */ = {isa = PBXBuildFile; fileRef = CB2669301E1BB11E009B598A /* Assets.xcassets */; };
		CB2669341E1BB11E009B598A /* LaunchScreen.storyboard in Resources */ = {isa = PBXBuildFile; fileRef = CB2669321E1BB11E009B598A /* LaunchScreen.storyboard */; };
		CB2669441E1BB4FE009B598A /* JS_MainViewController.swift in Sources */ = {isa = PBXBuildFile; fileRef = CB2669431E1BB4FE009B598A /* JS_MainViewController.swift */; };
		CB2669461E1BBEBA009B598A /* JS_HomeViewController.swift in Sources */ = {isa = PBXBuildFile; fileRef = CB2669451E1BBEBA009B598A /* JS_HomeViewController.swift */; };
		CB2669481E1BBED0009B598A /* JS_DiscoverViewController.swift in Sources */ = {isa = PBXBuildFile; fileRef = CB2669471E1BBED0009B598A /* JS_DiscoverViewController.swift */; };
		CB26694A1E1BBF04009B598A /* JS_MessageViewController.swift in Sources */ = {isa = PBXBuildFile; fileRef = CB2669491E1BBF04009B598A /* JS_MessageViewController.swift */; };
		CB26694C1E1BBF22009B598A /* JS_ProfileViewController.swift in Sources */ = {isa = PBXBuildFile; fileRef = CB26694B1E1BBF22009B598A /* JS_ProfileViewController.swift */; };
		CB26694F1E1C21AB009B598A /* MainVCSettings.json in Resources */ = {isa = PBXBuildFile; fileRef = CB26694E1E1C21AB009B598A /* MainVCSettings.json */; };
		CB2669531E1C3747009B598A /* UIButton+Extension.swift in Sources */ = {isa = PBXBuildFile; fileRef = CB2669521E1C3747009B598A /* UIButton+Extension.swift */; };
		CB2669551E1C3841009B598A /* JS_tabBar.swift in Sources */ = {isa = PBXBuildFile; fileRef = CB2669541E1C3841009B598A /* JS_tabBar.swift */; };
		CB2669731E22448D009B598A /* JS_MiddleViewController.swift in Sources */ = {isa = PBXBuildFile; fileRef = CB26696F1E22448D009B598A /* JS_MiddleViewController.swift */; };
		CB2669741E22448D009B598A /* JS_MiddleViewController.xib in Resources */ = {isa = PBXBuildFile; fileRef = CB2669701E22448D009B598A /* JS_MiddleViewController.xib */; };
		CB2669751E22448D009B598A /* JS_Popover.swift in Sources */ = {isa = PBXBuildFile; fileRef = CB2669711E22448D009B598A /* JS_Popover.swift */; };
		CB2669761E22448D009B598A /* JS_PresentationController.swift in Sources */ = {isa = PBXBuildFile; fileRef = CB2669721E22448D009B598A /* JS_PresentationController.swift */; };
		CB2669781E224498009B598A /* JS_NavLogInBarButton.swift in Sources */ = {isa = PBXBuildFile; fileRef = CB2669771E224498009B598A /* JS_NavLogInBarButton.swift */; };
		CB26697C1E2244CC009B598A /* JS_PreviousView.swift in Sources */ = {isa = PBXBuildFile; fileRef = CB26697A1E2244CC009B598A /* JS_PreviousView.swift */; };
		CB26697D1E2244CC009B598A /* JS_PreviousView.xib in Resources */ = {isa = PBXBuildFile; fileRef = CB26697B1E2244CC009B598A /* JS_PreviousView.xib */; };
		CB26697F1E2244D4009B598A /* JS_BaseViewController.swift in Sources */ = {isa = PBXBuildFile; fileRef = CB26697E1E2244D4009B598A /* JS_BaseViewController.swift */; };
/* End PBXBuildFile section */

/* Begin PBXFileReference section */
		CB2669261E1BB11E009B598A /* WB.app */ = {isa = PBXFileReference; explicitFileType = wrapper.application; includeInIndex = 0; path = WB.app; sourceTree = BUILT_PRODUCTS_DIR; };
		CB2669291E1BB11E009B598A /* AppDelegate.swift */ = {isa = PBXFileReference; lastKnownFileType = sourcecode.swift; path = AppDelegate.swift; sourceTree = "<group>"; };
		CB26692E1E1BB11E009B598A /* Base */ = {isa = PBXFileReference; lastKnownFileType = file.storyboard; name = Base; path = Base.lproj/Main.storyboard; sourceTree = "<group>"; };
		CB2669301E1BB11E009B598A /* Assets.xcassets */ = {isa = PBXFileReference; lastKnownFileType = folder.assetcatalog; path = Assets.xcassets; sourceTree = "<group>"; };
		CB2669331E1BB11E009B598A /* Base */ = {isa = PBXFileReference; lastKnownFileType = file.storyboard; name = Base; path = Base.lproj/LaunchScreen.storyboard; sourceTree = "<group>"; };
		CB2669351E1BB11E009B598A /* Info.plist */ = {isa = PBXFileReference; lastKnownFileType = text.plist.xml; path = Info.plist; sourceTree = "<group>"; };
		CB2669431E1BB4FE009B598A /* JS_MainViewController.swift */ = {isa = PBXFileReference; fileEncoding = 4; lastKnownFileType = sourcecode.swift; path = JS_MainViewController.swift; sourceTree = "<group>"; };
		CB2669451E1BBEBA009B598A /* JS_HomeViewController.swift */ = {isa = PBXFileReference; fileEncoding = 4; lastKnownFileType = sourcecode.swift; path = JS_HomeViewController.swift; sourceTree = "<group>"; };
		CB2669471E1BBED0009B598A /* JS_DiscoverViewController.swift */ = {isa = PBXFileReference; fileEncoding = 4; lastKnownFileType = sourcecode.swift; path = JS_DiscoverViewController.swift; sourceTree = "<group>"; };
		CB2669491E1BBF04009B598A /* JS_MessageViewController.swift */ = {isa = PBXFileReference; fileEncoding = 4; lastKnownFileType = sourcecode.swift; path = JS_MessageViewController.swift; sourceTree = "<group>"; };
		CB26694B1E1BBF22009B598A /* JS_ProfileViewController.swift */ = {isa = PBXFileReference; fileEncoding = 4; lastKnownFileType = sourcecode.swift; path = JS_ProfileViewController.swift; sourceTree = "<group>"; };
		CB26694E1E1C21AB009B598A /* MainVCSettings.json */ = {isa = PBXFileReference; fileEncoding = 4; lastKnownFileType = text.json; path = MainVCSettings.json; sourceTree = "<group>"; };
		CB2669521E1C3747009B598A /* UIButton+Extension.swift */ = {isa = PBXFileReference; fileEncoding = 4; lastKnownFileType = sourcecode.swift; path = "UIButton+Extension.swift"; sourceTree = "<group>"; };
		CB2669541E1C3841009B598A /* JS_tabBar.swift */ = {isa = PBXFileReference; fileEncoding = 4; lastKnownFileType = sourcecode.swift; path = JS_tabBar.swift; sourceTree = "<group>"; };
		CB26696F1E22448D009B598A /* JS_MiddleViewController.swift */ = {isa = PBXFileReference; fileEncoding = 4; lastKnownFileType = sourcecode.swift; path = JS_MiddleViewController.swift; sourceTree = "<group>"; };
		CB2669701E22448D009B598A /* JS_MiddleViewController.xib */ = {isa = PBXFileReference; fileEncoding = 4; lastKnownFileType = file.xib; path = JS_MiddleViewController.xib; sourceTree = "<group>"; };
		CB2669711E22448D009B598A /* JS_Popover.swift */ = {isa = PBXFileReference; fileEncoding = 4; lastKnownFileType = sourcecode.swift; path = JS_Popover.swift; sourceTree = "<group>"; };
		CB2669721E22448D009B598A /* JS_PresentationController.swift */ = {isa = PBXFileReference; fileEncoding = 4; lastKnownFileType = sourcecode.swift; path = JS_PresentationController.swift; sourceTree = "<group>"; };
		CB2669771E224498009B598A /* JS_NavLogInBarButton.swift */ = {isa = PBXFileReference; fileEncoding = 4; lastKnownFileType = sourcecode.swift; path = JS_NavLogInBarButton.swift; sourceTree = "<group>"; };
		CB26697A1E2244CC009B598A /* JS_PreviousView.swift */ = {isa = PBXFileReference; fileEncoding = 4; lastKnownFileType = sourcecode.swift; path = JS_PreviousView.swift; sourceTree = "<group>"; };
		CB26697B1E2244CC009B598A /* JS_PreviousView.xib */ = {isa = PBXFileReference; fileEncoding = 4; lastKnownFileType = file.xib; path = JS_PreviousView.xib; sourceTree = "<group>"; };
		CB26697E1E2244D4009B598A /* JS_BaseViewController.swift */ = {isa = PBXFileReference; fileEncoding = 4; lastKnownFileType = sourcecode.swift; path = JS_BaseViewController.swift; sourceTree = "<group>"; };
/* End PBXFileReference section */

/* Begin PBXFrameworksBuildPhase section */
		CB2669231E1BB11E009B598A /* Frameworks */ = {
			isa = PBXFrameworksBuildPhase;
			buildActionMask = 2147483647;
			files = (
			);
			runOnlyForDeploymentPostprocessing = 0;
		};
/* End PBXFrameworksBuildPhase section */

/* Begin PBXGroup section */
		CB26691D1E1BB11E009B598A = {
			isa = PBXGroup;
			children = (
				CB2669281E1BB11E009B598A /* WB */,
				CB2669271E1BB11E009B598A /* Products */,
			);
			sourceTree = "<group>";
		};
		CB2669271E1BB11E009B598A /* Products */ = {
			isa = PBXGroup;
			children = (
				CB2669261E1BB11E009B598A /* WB.app */,
			);
			name = Products;
			sourceTree = "<group>";
		};
		CB2669281E1BB11E009B598A /* WB */ = {
			isa = PBXGroup;
			children = (
				CB26693D1E1BB4C9009B598A /* Classes */,
				CB2669291E1BB11E009B598A /* AppDelegate.swift */,
				CB26694E1E1C21AB009B598A /* MainVCSettings.json */,
				CB26694D1E1BD146009B598A /* StoryBoard Refactor */,
				CB2669501E1C36E3009B598A /* Tools */,
				CB2669301E1BB11E009B598A /* Assets.xcassets */,
				CB2669321E1BB11E009B598A /* LaunchScreen.storyboard */,
				CB2669351E1BB11E009B598A /* Info.plist */,
			);
			path = WB;
			sourceTree = "<group>";
		};
		CB26693D1E1BB4C9009B598A /* Classes */ = {
			isa = PBXGroup;
			children = (
				CB2669401E1BB4C9009B598A /* Main */,
				CB26693F1E1BB4C9009B598A /* Home */,
				CB26693E1E1BB4C9009B598A /* Discover */,
				CB2669411E1BB4C9009B598A /* Massege */,
				CB2669421E1BB4C9009B598A /* Profile */,
			);
			path = Classes;
			sourceTree = "<group>";
		};
		CB26693E1E1BB4C9009B598A /* Discover */ = {
			isa = PBXGroup;
			children = (
				CB2669471E1BBED0009B598A /* JS_DiscoverViewController.swift */,
			);
			path = Discover;
			sourceTree = "<group>";
		};
		CB26693F1E1BB4C9009B598A /* Home */ = {
			isa = PBXGroup;
			children = (
				CB26696E1E22448D009B598A /* Popover */,
				CB2669451E1BBEBA009B598A /* JS_HomeViewController.swift */,
			);
			path = Home;
			sourceTree = "<group>";
		};
		CB2669401E1BB4C9009B598A /* Main */ = {
			isa = PBXGroup;
			children = (
				CB2669791E2244CC009B598A /* PreviousView */,
				CB2669431E1BB4FE009B598A /* JS_MainViewController.swift */,
				CB26697E1E2244D4009B598A /* JS_BaseViewController.swift */,
				CB2669541E1C3841009B598A /* JS_tabBar.swift */,
			);
			path = Main;
			sourceTree = "<group>";
		};
		CB2669411E1BB4C9009B598A /* Massege */ = {
			isa = PBXGroup;
			children = (
				CB2669491E1BBF04009B598A /* JS_MessageViewController.swift */,
			);
			path = Massege;
			sourceTree = "<group>";
		};
		CB2669421E1BB4C9009B598A /* Profile */ = {
			isa = PBXGroup;
			children = (
				CB26694B1E1BBF22009B598A /* JS_ProfileViewController.swift */,
			);
			path = Profile;
			sourceTree = "<group>";
		};
		CB26694D1E1BD146009B598A /* StoryBoard Refactor */ = {
			isa = PBXGroup;
			children = (
				CB26692D1E1BB11E009B598A /* Main.storyboard */,
			);
			path = "StoryBoard Refactor";
			sourceTree = "<group>";
		};
		CB2669501E1C36E3009B598A /* Tools */ = {
			isa = PBXGroup;
			children = (
				CB2669771E224498009B598A /* JS_NavLogInBarButton.swift */,
				CB2669521E1C3747009B598A /* UIButton+Extension.swift */,
			);
			name = Tools;
			path = "StoryBoard Refactor/Tools";
			sourceTree = "<group>";
		};
		CB26696E1E22448D009B598A /* Popover */ = {
			isa = PBXGroup;
			children = (
				CB26696F1E22448D009B598A /* JS_MiddleViewController.swift */,
				CB2669701E22448D009B598A /* JS_MiddleViewController.xib */,
				CB2669711E22448D009B598A /* JS_Popover.swift */,
				CB2669721E22448D009B598A /* JS_PresentationController.swift */,
			);
			path = Popover;
			sourceTree = "<group>";
		};
		CB2669791E2244CC009B598A /* PreviousView */ = {
			isa = PBXGroup;
			children = (
				CB26697A1E2244CC009B598A /* JS_PreviousView.swift */,
				CB26697B1E2244CC009B598A /* JS_PreviousView.xib */,
			);
			path = PreviousView;
			sourceTree = "<group>";
		};
/* End PBXGroup section */

/* Begin PBXNativeTarget section */
		CB2669251E1BB11E009B598A /* WB */ = {
			isa = PBXNativeTarget;
			buildConfigurationList = CB2669381E1BB11E009B598A /* Build configuration list for PBXNativeTarget "WB" */;
			buildPhases = (
				CB2669221E1BB11E009B598A /* Sources */,
				CB2669231E1BB11E009B598A /* Frameworks */,
				CB2669241E1BB11E009B598A /* Resources */,
			);
			buildRules = (
			);
			dependencies = (
			);
			name = WB;
			productName = WB;
			productReference = CB2669261E1BB11E009B598A /* WB.app */;
			productType = "com.apple.product-type.application";
		};
/* End PBXNativeTarget section */

/* Begin PBXProject section */
		CB26691E1E1BB11E009B598A /* Project object */ = {
			isa = PBXProject;
			attributes = {
				CLASSPREFIX = JS_;
				LastSwiftUpdateCheck = 0810;
				LastUpgradeCheck = 0810;
				ORGANIZATIONNAME = "浩哲 夏";
				TargetAttributes = {
					CB2669251E1BB11E009B598A = {
						CreatedOnToolsVersion = 8.1;
						LastSwiftMigration = 0810;
						ProvisioningStyle = Automatic;
					};
				};
			};
			buildConfigurationList = CB2669211E1BB11E009B598A /* Build configuration list for PBXProject "WB" */;
			compatibilityVersion = "Xcode 3.2";
			developmentRegion = English;
			hasScannedForEncodings = 0;
			knownRegions = (
				en,
				Base,
			);
			mainGroup = CB26691D1E1BB11E009B598A;
			productRefGroup = CB2669271E1BB11E009B598A /* Products */;
			projectDirPath = "";
			projectRoot = "";
			targets = (
				CB2669251E1BB11E009B598A /* WB */,
			);
		};
/* End PBXProject section */

/* Begin PBXResourcesBuildPhase section */
		CB2669241E1BB11E009B598A /* Resources */ = {
			isa = PBXResourcesBuildPhase;
			buildActionMask = 2147483647;
			files = (
				CB26697D1E2244CC009B598A /* JS_PreviousView.xib in Resources */,
				CB2669741E22448D009B598A /* JS_MiddleViewController.xib in Resources */,
				CB2669341E1BB11E009B598A /* LaunchScreen.storyboard in Resources */,
				CB2669311E1BB11E009B598A /* Assets.xcassets in Resources */,
				CB26694F1E1C21AB009B598A /* MainVCSettings.json in Resources */,
				CB26692F1E1BB11E009B598A /* Main.storyboard in Resources */,
			);
			runOnlyForDeploymentPostprocessing = 0;
		};
/* End PBXResourcesBuildPhase section */

/* Begin PBXSourcesBuildPhase section */
		CB2669221E1BB11E009B598A /* Sources */ = {
			isa = PBXSourcesBuildPhase;
			buildActionMask = 2147483647;
			files = (
				CB26697F1E2244D4009B598A /* JS_BaseViewController.swift in Sources */,
				CB2669751E22448D009B598A /* JS_Popover.swift in Sources */,
				CB26694A1E1BBF04009B598A /* JS_MessageViewController.swift in Sources */,
				CB2669481E1BBED0009B598A /* JS_DiscoverViewController.swift in Sources */,
				CB2669731E22448D009B598A /* JS_MiddleViewController.swift in Sources */,
				CB2669781E224498009B598A /* JS_NavLogInBarButton.swift in Sources */,
				CB2669761E22448D009B598A /* JS_PresentationController.swift in Sources */,
				CB2669551E1C3841009B598A /* JS_tabBar.swift in Sources */,
				CB2669441E1BB4FE009B598A /* JS_MainViewController.swift in Sources */,
				CB26697C1E2244CC009B598A /* JS_PreviousView.swift in Sources */,
				CB26692A1E1BB11E009B598A /* AppDelegate.swift in Sources */,
				CB2669461E1BBEBA009B598A /* JS_HomeViewController.swift in Sources */,
				CB26694C1E1BBF22009B598A /* JS_ProfileViewController.swift in Sources */,
				CB2669531E1C3747009B598A /* UIButton+Extension.swift in Sources */,
			);
			runOnlyForDeploymentPostprocessing = 0;
		};
/* End PBXSourcesBuildPhase section */

/* Begin PBXVariantGroup section */
		CB26692D1E1BB11E009B598A /* Main.storyboard */ = {
			isa = PBXVariantGroup;
			children = (
				CB26692E1E1BB11E009B598A /* Base */,
			);
			name = Main.storyboard;
			path = ..;
			sourceTree = "<group>";
		};
		CB2669321E1BB11E009B598A /* LaunchScreen.storyboard */ = {
			isa = PBXVariantGroup;
			children = (
				CB2669331E1BB11E009B598A /* Base */,
			);
			name = LaunchScreen.storyboard;
			sourceTree = "<group>";
		};
/* End PBXVariantGroup section */

/* Begin XCBuildConfiguration section */
		CB2669361E1BB11E009B598A /* Debug */ = {
			isa = XCBuildConfiguration;
			buildSettings = {
				ALWAYS_SEARCH_USER_PATHS = NO;
				CLANG_ANALYZER_NONNULL = YES;
				CLANG_CXX_LANGUAGE_STANDARD = "gnu++0x";
				CLANG_CXX_LIBRARY = "libc++";
				CLANG_ENABLE_MODULES = YES;
				CLANG_ENABLE_OBJC_ARC = YES;
				CLANG_WARN_BOOL_CONVERSION = YES;
				CLANG_WARN_CONSTANT_CONVERSION = YES;
				CLANG_WARN_DIRECT_OBJC_ISA_USAGE = YES_ERROR;
				CLANG_WARN_DOCUMENTATION_COMMENTS = YES;
				CLANG_WARN_EMPTY_BODY = YES;
				CLANG_WARN_ENUM_CONVERSION = YES;
				CLANG_WARN_INFINITE_RECURSION = YES;
				CLANG_WARN_INT_CONVERSION = YES;
				CLANG_WARN_OBJC_ROOT_CLASS = YES_ERROR;
				CLANG_WARN_SUSPICIOUS_MOVES = YES;
				CLANG_WARN_UNREACHABLE_CODE = YES;
				CLANG_WARN__DUPLICATE_METHOD_MATCH = YES;
				"CODE_SIGN_IDENTITY[sdk=iphoneos*]" = "iPhone Developer";
				COPY_PHASE_STRIP = NO;
				DEBUG_INFORMATION_FORMAT = dwarf;
				ENABLE_STRICT_OBJC_MSGSEND = YES;
				ENABLE_TESTABILITY = YES;
				GCC_C_LANGUAGE_STANDARD = gnu99;
				GCC_DYNAMIC_NO_PIC = NO;
				GCC_NO_COMMON_BLOCKS = YES;
				GCC_OPTIMIZATION_LEVEL = 0;
				GCC_PREPROCESSOR_DEFINITIONS = (
					"DEBUG=1",
					"$(inherited)",
				);
				GCC_WARN_64_TO_32_BIT_CONVERSION = YES;
				GCC_WARN_ABOUT_RETURN_TYPE = YES_ERROR;
				GCC_WARN_UNDECLARED_SELECTOR = YES;
				GCC_WARN_UNINITIALIZED_AUTOS = YES_AGGRESSIVE;
				GCC_WARN_UNUSED_FUNCTION = YES;
				GCC_WARN_UNUSED_VARIABLE = YES;
				IPHONEOS_DEPLOYMENT_TARGET = 10.1;
				MTL_ENABLE_DEBUG_INFO = YES;
				ONLY_ACTIVE_ARCH = YES;
				SDKROOT = iphoneos;
				SWIFT_ACTIVE_COMPILATION_CONDITIONS = DEBUG;
				SWIFT_OPTIMIZATION_LEVEL = "-Onone";
			};
			name = Debug;
		};
		CB2669371E1BB11E009B598A /* Release */ = {
			isa = XCBuildConfiguration;
			buildSettings = {
				ALWAYS_SEARCH_USER_PATHS = NO;
				CLANG_ANALYZER_NONNULL = YES;
				CLANG_CXX_LANGUAGE_STANDARD = "gnu++0x";
				CLANG_CXX_LIBRARY = "libc++";
				CLANG_ENABLE_MODULES = YES;
				CLANG_ENABLE_OBJC_ARC = YES;
				CLANG_WARN_BOOL_CONVERSION = YES;
				CLANG_WARN_CONSTANT_CONVERSION = YES;
				CLANG_WARN_DIRECT_OBJC_ISA_USAGE = YES_ERROR;
				CLANG_WARN_DOCUMENTATION_COMMENTS = YES;
				CLANG_WARN_EMPTY_BODY = YES;
				CLANG_WARN_ENUM_CONVERSION = YES;
				CLANG_WARN_INFINITE_RECURSION = YES;
				CLANG_WARN_INT_CONVERSION = YES;
				CLANG_WARN_OBJC_ROOT_CLASS = YES_ERROR;
				CLANG_WARN_SUSPICIOUS_MOVES = YES;
				CLANG_WARN_UNREACHABLE_CODE = YES;
				CLANG_WARN__DUPLICATE_METHOD_MATCH = YES;
				"CODE_SIGN_IDENTITY[sdk=iphoneos*]" = "iPhone Developer";
				COPY_PHASE_STRIP = NO;
				DEBUG_INFORMATION_FORMAT = "dwarf-with-dsym";
				ENABLE_NS_ASSERTIONS = NO;
				ENABLE_STRICT_OBJC_MSGSEND = YES;
				GCC_C_LANGUAGE_STANDARD = gnu99;
				GCC_NO_COMMON_BLOCKS = YES;
				GCC_WARN_64_TO_32_BIT_CONVERSION = YES;
				GCC_WARN_ABOUT_RETURN_TYPE = YES_ERROR;
				GCC_WARN_UNDECLARED_SELECTOR = YES;
				GCC_WARN_UNINITIALIZED_AUTOS = YES_AGGRESSIVE;
				GCC_WARN_UNUSED_FUNCTION = YES;
				GCC_WARN_UNUSED_VARIABLE = YES;
				IPHONEOS_DEPLOYMENT_TARGET = 10.1;
				MTL_ENABLE_DEBUG_INFO = NO;
				SDKROOT = iphoneos;
				SWIFT_OPTIMIZATION_LEVEL = "-Owholemodule";
				VALIDATE_PRODUCT = YES;
			};
			name = Release;
		};
		CB2669391E1BB11E009B598A /* Debug */ = {
			isa = XCBuildConfiguration;
			buildSettings = {
				ASSETCATALOG_COMPILER_APPICON_NAME = AppIcon;
				ASSETCATALOG_COMPILER_LAUNCHIMAGE_NAME = LaunchImage;
				CLANG_ENABLE_MODULES = YES;
				INFOPLIST_FILE = WB/Info.plist;
				LD_RUNPATH_SEARCH_PATHS = "$(inherited) @executable_path/Frameworks";
				PRODUCT_BUNDLE_IDENTIFIER = IOS.WB;
				PRODUCT_NAME = "$(TARGET_NAME)";
				SWIFT_OPTIMIZATION_LEVEL = "-Onone";
				SWIFT_VERSION = 3.0;
			};
			name = Debug;
		};
		CB26693A1E1BB11E009B598A /* Release */ = {
			isa = XCBuildConfiguration;
			buildSettings = {
				ASSETCATALOG_COMPILER_APPICON_NAME = AppIcon;
				ASSETCATALOG_COMPILER_LAUNCHIMAGE_NAME = LaunchImage;
				CLANG_ENABLE_MODULES = YES;
				INFOPLIST_FILE = WB/Info.plist;
				LD_RUNPATH_SEARCH_PATHS = "$(inherited) @executable_path/Frameworks";
				PRODUCT_BUNDLE_IDENTIFIER = IOS.WB;
				PRODUCT_NAME = "$(TARGET_NAME)";
				SWIFT_VERSION = 3.0;
			};
			name = Release;
		};
/* End XCBuildConfiguration section */

/* Begin XCConfigurationList section */
		CB2669211E1BB11E009B598A /* Build configuration list for PBXProject "WB" */ = {
			isa = XCConfigurationList;
			buildConfigurations = (
				CB2669361E1BB11E009B598A /* Debug */,
				CB2669371E1BB11E009B598A /* Release */,
			);
			defaultConfigurationIsVisible = 0;
			defaultConfigurationName = Release;
		};
		CB2669381E1BB11E009B598A /* Build configuration list for PBXNativeTarget "WB" */ = {
			isa = XCConfigurationList;
			buildConfigurations = (
				CB2669391E1BB11E009B598A /* Debug */,
				CB26693A1E1BB11E009B598A /* Release */,
			);
			defaultConfigurationIsVisible = 0;
			defaultConfigurationName = Release;
		};
/* End XCConfigurationList section */
	};
	rootObject = CB26691E1E1BB11E009B598A /* Project object */;
}
