// !$*UTF8*$!
{
	archiveVersion = 1;
	classes = {
	};
	objectVersion = 46;
	objects = {

/* Begin PBXBuildFile section */
		CB26692A1E1BB11E009B598A /* AppDelegate.swift in Sources */ = {isa = PBXBuildFile; fileRef = CB2669291E1BB11E009B598A /* AppDelegate.swift */; };
		CB26692C1E1BB11E009B598A /* ViewController.swift in Sources */ = {isa = PBXBuildFile; fileRef = CB26692B1E1BB11E009B598A /* ViewController.swift */; };
		CB26692F1E1BB11E009B598A /* Main.storyboard in Resources */ = {isa = PBXBuildFile; fileRef = CB26692D1E1BB11E009B598A /* Main.storyboard */; };
		CB2669311E1BB11E009B598A /* Assets.xcassets in Resources */ = {isa = PBXBuildFile; fileRef = CB2669301E1BB11E009B598A /* Assets.xcassets */; };
		CB2669341E1BB11E009B598A /* LaunchScreen.storyboard in Resources */ = {isa = PBXBuildFile; fileRef = CB2669321E1BB11E009B598A /* LaunchScreen.storyboard */; };
/* End PBXBuildFile section */

/* Begin PBXFileReference section */
		CB2669261E1BB11E009B598A /* WB.app */ = {isa = PBXFileReference; explicitFileType = wrapper.application; includeInIndex = 0; path = WB.app; sourceTree = BUILT_PRODUCTS_DIR; };
		CB2669291E1BB11E009B598A /* AppDelegate.swift */ = {isa = PBXFileReference; lastKnownFileType = sourcecode.swift; path = AppDelegate.swift; sourceTree = "<group>"; };
		CB26692B1E1BB11E009B598A /* ViewController.swift */ = {isa = PBXFileReference; lastKnownFileType = sourcecode.swift; path = ViewController.swift; sourceTree = "<group>"; };
		CB26692E1E1BB11E009B598A /* Base */ = {isa = PBXFileReference; lastKnownFileType = file.storyboard; name = Base; path = Base.lproj/Main.storyboard; sourceTree = "<group>"; };
		CB2669301E1BB11E009B598A /* Assets.xcassets */ = {isa = PBXFileReference; lastKnownFileType = folder.assetcatalog; path = Assets.xcassets; sourceTree = "<group>"; };
		CB2669331E1BB11E009B598A /* Base */ = {isa = PBXFileReference; lastKnownFileType = file.storyboard; name = Base; path = Base.lproj/LaunchScreen.storyboard; sourceTree = "<group>"; };
		CB2669351E1BB11E009B598A /* Info.plist */ = {isa = PBXFileReference; lastKnownFileType = text.plist.xml; path = Info.plist; sourceTree = "<group>"; };
/* End PBXFileReference section */

/* Begin PBXFrameworksBuildPhase section */
		CB2669231E1BB11E009B598A /* Frameworks */ = {
			isa = PBXFrameworksBuildPhase;
			buildActionMask = 2147483647;
			files = (
			);
			runOnlyForDeploymentPostprocessing = 0;
		};
/* End PBXFrameworksBuildPhase section */

/* Begin PBXGroup section */
		CB26691D1E1BB11E009B598A = {
			isa = PBXGroup;
			children = (
				CB2669281E1BB11E009B598A /* WB */,
				CB2669271E1BB11E009B598A /* Products */,
			);
			sourceTree = "<group>";
		};
		CB2669271E1BB11E009B598A /* Products */ = {
			isa = PBXGroup;
			children = (
				CB2669261E1BB11E009B598A /* WB.app */,
			);
			name = Products;
			sourceTree = "<group>";
		};
		CB2669281E1BB11E009B598A /* WB */ = {
			isa = PBXGroup;
			children = (
				CB2669291E1BB11E009B598A /* AppDelegate.swift */,
				CB26692B1E1BB11E009B598A /* ViewController.swift */,
				CB26692D1E1BB11E009B598A /* Main.storyboard */,
				CB2669301E1BB11E009B598A /* Assets.xcassets */,
				CB2669321E1BB11E009B598A /* LaunchScreen.storyboard */,
				CB2669351E1BB11E009B598A /* Info.plist */,
			);
			path = WB;
			sourceTree = "<group>";
		};
/* End PBXGroup section */

/* Begin PBXNativeTarget section */
		CB2669251E1BB11E009B598A /* WB */ = {
			isa = PBXNativeTarget;
			buildConfigurationList = CB2669381E1BB11E009B598A /* Build configuration list for PBXNativeTarget "WB" */;
			buildPhases = (
				CB2669221E1BB11E009B598A /* Sources */,
				CB2669231E1BB11E009B598A /* Frameworks */,
				CB2669241E1BB11E009B598A /* Resources */,
			);
			buildRules = (
			);
			dependencies = (
			);
			name = WB;
			productName = WB;
			productReference = CB2669261E1BB11E009B598A /* WB.app */;
			productType = "com.apple.product-type.application";
		};
/* End PBXNativeTarget section */

/* Begin PBXProject section */
		CB26691E1E1BB11E009B598A /* Project object */ = {
			isa = PBXProject;
			attributes = {
				LastSwiftUpdateCheck = 0810;
				LastUpgradeCheck = 0810;
				ORGANIZATIONNAME = "浩哲 夏";
				TargetAttributes = {
					CB2669251E1BB11E009B598A = {
						CreatedOnToolsVersion = 8.1;
						ProvisioningStyle = Automatic;
					};
				};
			};
			buildConfigurationList = CB2669211E1BB11E009B598A /* Build configuration list for PBXProject "WB" */;
			compatibilityVersion = "Xcode 3.2";
			developmentRegion = English;
			hasScannedForEncodings = 0;
			knownRegions = (
				en,
				Base,
			);
			mainGroup = CB26691D1E1BB11E009B598A;
			productRefGroup = CB2669271E1BB11E009B598A /* Products */;
			projectDirPath = "";
			projectRoot = "";
			targets = (
				CB2669251E1BB11E009B598A /* WB */,
			);
		};
/* End PBXProject section */

/* Begin PBXResourcesBuildPhase section */
		CB2669241E1BB11E009B598A /* Resources */ = {
			isa = PBXResourcesBuildPhase;
			buildActionMask = 2147483647;
			files = (
				CB2669341E1BB11E009B598A /* LaunchScreen.storyboard in Resources */,
				CB2669311E1BB11E009B598A /* Assets.xcassets in Resources */,
				CB26692F1E1BB11E009B598A /* Main.storyboard in Resources */,
			);
			runOnlyForDeploymentPostprocessing = 0;
		};
/* End PBXResourcesBuildPhase section */

/* Begin PBXSourcesBuildPhase section */
		CB2669221E1BB11E009B598A /* Sources */ = {
			isa = PBXSourcesBuildPhase;
			buildActionMask = 2147483647;
			files = (
				CB26692C1E1BB11E009B598A /* ViewController.swift in Sources */,
				CB26692A1E1BB11E009B598A /* AppDelegate.swift in Sources */,
			);
			runOnlyForDeploymentPostprocessing = 0;
		};
/* End PBXSourcesBuildPhase section */

/* Begin PBXVariantGroup section */
		CB26692D1E1BB11E009B598A /* Main.storyboard */ = {
			isa = PBXVariantGroup;
			children = (
				CB26692E1E1BB11E009B598A /* Base */,
			);
			name = Main.storyboard;
			sourceTree = "<group>";
		};
		CB2669321E1BB11E009B598A /* LaunchScreen.storyboard */ = {
			isa = PBXVariantGroup;
			children = (
				CB2669331E1BB11E009B598A /* Base */,
			);
			name = LaunchScreen.storyboard;
			sourceTree = "<group>";
		};
/* End PBXVariantGroup section */

/* Begin XCBuildConfiguration section */
		CB2669361E1BB11E009B598A /* Debug */ = {
			isa = XCBuildConfiguration;
			buildSettings = {
				ALWAYS_SEARCH_USER_PATHS = NO;
				CLANG_ANALYZER_NONNULL = YES;
				CLANG_CXX_LANGUAGE_STANDARD = "gnu++0x";
				CLANG_CXX_LIBRARY = "libc++";
				CLANG_ENABLE_MODULES = YES;
				CLANG_ENABLE_OBJC_ARC = YES;
				CLANG_WARN_BOOL_CONVERSION = YES;
				CLANG_WARN_CONSTANT_CONVERSION = YES;
				CLANG_WARN_DIRECT_OBJC_ISA_USAGE = YES_ERROR;
				CLANG_WARN_DOCUMENTATION_COMMENTS = YES;
				CLANG_WARN_EMPTY_BODY = YES;
				CLANG_WARN_ENUM_CONVERSION = YES;
				CLANG_WARN_INFINITE_RECURSION = YES;
				CLANG_WARN_INT_CONVERSION = YES;
				CLANG_WARN_OBJC_ROOT_CLASS = YES_ERROR;
				CLANG_WARN_SUSPICIOUS_MOVES = YES;
				CLANG_WARN_UNREACHABLE_CODE = YES;
				CLANG_WARN__DUPLICATE_METHOD_MATCH = YES;
				"CODE_SIGN_IDENTITY[sdk=iphoneos*]" = "iPhone Developer";
				COPY_PHASE_STRIP = NO;
				DEBUG_INFORMATION_FORMAT = dwarf;
				ENABLE_STRICT_OBJC_MSGSEND = YES;
				ENABLE_TESTABILITY = YES;
				GCC_C_LANGUAGE_STANDARD = gnu99;
				GCC_DYNAMIC_NO_PIC = NO;
				GCC_NO_COMMON_BLOCKS = YES;
				GCC_OPTIMIZATION_LEVEL = 0;
				GCC_PREPROCESSOR_DEFINITIONS = (
					"DEBUG=1",
					"$(inherited)",
				);
				GCC_WARN_64_TO_32_BIT_CONVERSION = YES;
				GCC_WARN_ABOUT_RETURN_TYPE = YES_ERROR;
				GCC_WARN_UNDECLARED_SELECTOR = YES;
				GCC_WARN_UNINITIALIZED_AUTOS = YES_AGGRESSIVE;
				GCC_WARN_UNUSED_FUNCTION = YES;
				GCC_WARN_UNUSED_VARIABLE = YES;
				IPHONEOS_DEPLOYMENT_TARGET = 10.1;
				MTL_ENABLE_DEBUG_INFO = YES;
				ONLY_ACTIVE_ARCH = YES;
				SDKROOT = iphoneos;
				SWIFT_ACTIVE_COMPILATION_CONDITIONS = DEBUG;
				SWIFT_OPTIMIZATION_LEVEL = "-Onone";
			};
			name = Debug;
		};
		CB2669371E1BB11E009B598A /* Release */ = {
			isa = XCBuildConfiguration;
			buildSettings = {
				ALWAYS_SEARCH_USER_PATHS = NO;
				CLANG_ANALYZER_NONNULL = YES;
				CLANG_CXX_LANGUAGE_STANDARD = "gnu++0x";
				CLANG_CXX_LIBRARY = "libc++";
				CLANG_ENABLE_MODULES = YES;
				CLANG_ENABLE_OBJC_ARC = YES;
				CLANG_WARN_BOOL_CONVERSION = YES;
				CLANG_WARN_CONSTANT_CONVERSION = YES;
				CLANG_WARN_DIRECT_OBJC_ISA_USAGE = YES_ERROR;
				CLANG_WARN_DOCUMENTATION_COMMENTS = YES;
				CLANG_WARN_EMPTY_BODY = YES;
				CLANG_WARN_ENUM_CONVERSION = YES;
				CLANG_WARN_INFINITE_RECURSION = YES;
				CLANG_WARN_INT_CONVERSION = YES;
				CLANG_WARN_OBJC_ROOT_CLASS = YES_ERROR;
				CLANG_WARN_SUSPICIOUS_MOVES = YES;
				CLANG_WARN_UNREACHABLE_CODE = YES;
				CLANG_WARN__DUPLICATE_METHOD_MATCH = YES;
				"CODE_SIGN_IDENTITY[sdk=iphoneos*]" = "iPhone Developer";
				COPY_PHASE_STRIP = NO;
				DEBUG_INFORMATION_FORMAT = "dwarf-with-dsym";
				ENABLE_NS_ASSERTIONS = NO;
				ENABLE_STRICT_OBJC_MSGSEND = YES;
				GCC_C_LANGUAGE_STANDARD = gnu99;
				GCC_NO_COMMON_BLOCKS = YES;
				GCC_WARN_64_TO_32_BIT_CONVERSION = YES;
				GCC_WARN_ABOUT_RETURN_TYPE = YES_ERROR;
				GCC_WARN_UNDECLARED_SELECTOR = YES;
				GCC_WARN_UNINITIALIZED_AUTOS = YES_AGGRESSIVE;
				GCC_WARN_UNUSED_FUNCTION = YES;
				GCC_WARN_UNUSED_VARIABLE = YES;
				IPHONEOS_DEPLOYMENT_TARGET = 10.1;
				MTL_ENABLE_DEBUG_INFO = NO;
				SDKROOT = iphoneos;
				SWIFT_OPTIMIZATION_LEVEL = "-Owholemodule";
				VALIDATE_PRODUCT = YES;
			};
			name = Release;
		};
		CB2669391E1BB11E009B598A /* Debug */ = {
			isa = XCBuildConfiguration;
			buildSettings = {
				ASSETCATALOG_COMPILER_APPICON_NAME = AppIcon;
				INFOPLIST_FILE = WB/Info.plist;
				LD_RUNPATH_SEARCH_PATHS = "$(inherited) @executable_path/Frameworks";
				PRODUCT_BUNDLE_IDENTIFIER = IOS.WB;
				PRODUCT_NAME = "$(TARGET_NAME)";
				SWIFT_VERSION = 3.0;
			};
			name = Debug;
		};
		CB26693A1E1BB11E009B598A /* Release */ = {
			isa = XCBuildConfiguration;
			buildSettings = {
				ASSETCATALOG_COMPILER_APPICON_NAME = AppIcon;
				INFOPLIST_FILE = WB/Info.plist;
				LD_RUNPATH_SEARCH_PATHS = "$(inherited) @executable_path/Frameworks";
				PRODUCT_BUNDLE_IDENTIFIER = IOS.WB;
				PRODUCT_NAME = "$(TARGET_NAME)";
				SWIFT_VERSION = 3.0;
			};
			name = Release;
		};
/* End XCBuildConfiguration section */

/* Begin XCConfigurationList section */
		CB2669211E1BB11E009B598A /* Build configuration list for PBXProject "WB" */ = {
			isa = XCConfigurationList;
			buildConfigurations = (
				CB2669361E1BB11E009B598A /* Debug */,
				CB2669371E1BB11E009B598A /* Release */,
			);
			defaultConfigurationIsVisible = 0;
			defaultConfigurationName = Release;
		};
		CB2669381E1BB11E009B598A /* Build configuration list for PBXNativeTarget "WB" */ = {
			isa = XCConfigurationList;
			buildConfigurations = (
				CB2669391E1BB11E009B598A /* Debug */,
				CB26693A1E1BB11E009B598A /* Release */,
			);
			defaultConfigurationIsVisible = 0;
		};
/* End XCConfigurationList section */
	};
	rootObject = CB26691E1E1BB11E009B598A /* Project object */;
}
